{
  "version": 1,
  "dependencies": {
    "net8.0": {
      "Microsoft.AspNetCore.Cryptography.KeyDerivation": {
        "type": "Direct",
        "requested": "[8.0.0, )",
        "resolved": "8.0.0",
        "contentHash": "65w93R5wqUUs35R9wjHHDf75GqAbxJsNByKZo5TbQOWSXcUbLWrDUWBQHv78iXIT0PL1pXNqKQz7OHiHMvo0/A==",
        "dependencies": {
          "Microsoft.AspNetCore.Cryptography.Internal": "8.0.0"
        }
      },
      "Microsoft.Extensions.DependencyInjection.Abstractions": {
        "type": "Direct",
        "requested": "[8.0.0, )",
        "resolved": "8.0.0",
        "contentHash": "cjWrLkJXK0rs4zofsK4bSdg+jhDLTaxrkXu4gS6Y7MAlCvRyNNgwY/lJi5RDlQOnSZweHqoyvgvbdvQsRIW+hg=="
      },
      "System.ComponentModel.Annotations": {
        "type": "Direct",
        "requested": "[5.0.0, )",
        "resolved": "5.0.0",
        "contentHash": "dMkqfy2el8A8/I76n2Hi1oBFEbG1SfxD2l5nhwXV3XjlnOmwxJlQbYpJH4W51odnU9sARCSAgv7S3CyAFMkpYg=="
      },
      "System.IdentityModel.Tokens.Jwt": {
        "type": "Direct",
        "requested": "[8.0.2, )",
        "resolved": "8.0.2",
        "contentHash": "jbfANr2qEmrfEtK3L7tOnkCW5/y2YiF6ISSRhRBgIZL+W2ZbEVHFNTNV8QOKeNU6gedQnhpdU2IvB0YB3nNMjw==",
        "dependencies": {
          "Microsoft.IdentityModel.JsonWebTokens": "8.0.2",
          "Microsoft.IdentityModel.Tokens": "8.0.2"
        }
      },
      "Microsoft.AspNetCore.Cryptography.Internal": {
        "type": "Transitive",
        "resolved": "8.0.0",
        "contentHash": "buuMMCTxFcVkOkEftb2OafYxrveNGre9KJF4Oi1DkR4rxIj6oLam7Wq3g0Fp9hNVpJteKEPiupsxYnPrD/oUGA=="
      },
      "Microsoft.IdentityModel.Abstractions": {
        "type": "Transitive",
        "resolved": "8.0.2",
        "contentHash": "m73Bun0l0jL8rceWZ9TMD4hwQCjDIaRT1s5RMN7TBDpXu8Ea8KcRndo45btW9gG0i/USmHLCmOBIITvTA4Y6PA=="
      },
      "Microsoft.IdentityModel.JsonWebTokens": {
        "type": "Transitive",
        "resolved": "8.0.2",
        "contentHash": "6CVWMfXrQPMUaqlsMfG8OjtyTIKvtgiQCFOJ2YhSZo1UDaAWweVN7jGSrz59Ez0Y8lh260WE5V2b0Oe9NlVlyw==",
        "dependencies": {
          "Microsoft.IdentityModel.Tokens": "8.0.2"
        }
      },
      "Microsoft.IdentityModel.Logging": {
        "type": "Transitive",
        "resolved": "8.0.2",
        "contentHash": "iKUyFKCQgc8rcEqyIJGLOIqqxemG7bgraqS9n5J6RPoZZH7dwxmJd3aFYmxXuAnfznJuaE1DQX5U46Cqvb+BOg==",
        "dependencies": {
          "Microsoft.IdentityModel.Abstractions": "8.0.2"
        }
      },
      "Microsoft.IdentityModel.Tokens": {
        "type": "Transitive",
        "resolved": "8.0.2",
        "contentHash": "X58KyDBpGJZcCfmSgbkxJLLxd04eMFVaJlMEbRCyWL1X44n6kMxRyK6UTS1zgi5DHikeyiZj8bi7+p0kfPepLg==",
        "dependencies": {
          "Microsoft.IdentityModel.Logging": "8.0.2"
        }
      }
    }
  }
}